
Microsoft Visual Studio Solution File, Format Version 12.00
# Visual Studio Version 17
VisualStudioVersion = 17.11.35222.181
MinimumVisualStudioVersion = 10.0.40219.1
Project("{FAE04EC0-301F-11D3-BF4B-00C04F79EFBC}") = "Demo_w03_Tue", "Demo_w03_Tue\Demo_w03_Tue.csproj", "{02D4A552-2317-4459-AEFA-F853946EF703}"
EndProject
Project("{FAE04EC0-301F-11D3-BF4B-00C04F79EFBC}") = "InClass1", "ICE_1\InClass1.csproj", "{27499419-D68B-4F14-AF5B-69AAD51EAD4A}"
EndProject
Project("{FAE04EC0-301F-11D3-BF4B-00C04F79EFBC}") = "ASSIGNMENT_1", "ASSIGNMENT_1\ASSIGNMENT_1.csproj", "{C206060C-5C0E-4720-88F0-8427D3B6649B}"
EndProject
Project("{FAE04EC0-301F-11D3-BF4B-00C04F79EFBC}") = "Assignment_2", "Assignment_2\Assignment_2.csproj", "{02816743-9D43-42D7-857E-528CC642D922}"
EndProject
Project("{FAE04EC0-301F-11D3-BF4B-00C04F79EFBC}") = "In_Class_2", "In_Class_2\In_Class_2.csproj", "{F3637ECE-AFC7-41EB-B304-399843850440}"
EndProject
Project("{FAE04EC0-301F-11D3-BF4B-00C04F79EFBC}") = "Assignment_3", "Assignment_3\Assignment_3.csproj", "{2C19EA25-F262-4173-84F5-FE7B02B6C70A}"
EndProject
Project("{FAE04EC0-301F-11D3-BF4B-00C04F79EFBC}") = "Demo_Week10a_DataBindingPlus", "Demo_Week10a_DataBindingPlus\Demo_Week10a_DataBindingPlus.csproj", "{AFD0D05F-2784-44FC-9AB4-D659050C1239}"
EndProject
Project("{FAE04EC0-301F-11D3-BF4B-00C04F79EFBC}") = "Assignment_4_File_IO", "Assignment_4_File_IO\Assignment_4_File_IO.csproj", "{143FF25D-51CF-46AE-BE3E-BBC546149195}"
EndProject
Project("{FAE04EC0-301F-11D3-BF4B-00C04F79EFBC}") = "In_Class_3", "In_Class_3\In_Class_3.csproj", "{FA581716-FCFB-48DA-AE40-67D3C158FDCD}"
EndProject
Project("{FAE04EC0-301F-11D3-BF4B-00C04F79EFBC}") = "Assignment_5", "Assignment_5\Assignment_5.csproj", "{27FF7A26-44D5-468F-A930-A3E197B372CC}"
EndProject
Project("{FAE04EC0-301F-11D3-BF4B-00C04F79EFBC}") = "Final_Assignment", "Final_Assignment\Final_Assignment.csproj", "{DFE02933-C0C3-4387-B6D3-273DE9476428}"
EndProject
Project("{FAE04EC0-301F-11D3-BF4B-00C04F79EFBC}") = "ContactTests", "Unit_Test\ContactTests.csproj", "{C899B9C3-ED49-46C4-9CCF-DFAB187ACA25}"
EndProject
Global
	GlobalSection(SolutionConfigurationPlatforms) = preSolution
		Debug|Any CPU = Debug|Any CPU
		Release|Any CPU = Release|Any CPU
	EndGlobalSection
	GlobalSection(ProjectConfigurationPlatforms) = postSolution
		{02D4A552-2317-4459-AEFA-F853946EF703}.Debug|Any CPU.ActiveCfg = Debug|Any CPU
		{02D4A552-2317-4459-AEFA-F853946EF703}.Debug|Any CPU.Build.0 = Debug|Any CPU
		{02D4A552-2317-4459-AEFA-F853946EF703}.Release|Any CPU.ActiveCfg = Release|Any CPU
		{02D4A552-2317-4459-AEFA-F853946EF703}.Release|Any CPU.Build.0 = Release|Any CPU
		{27499419-D68B-4F14-AF5B-69AAD51EAD4A}.Debug|Any CPU.ActiveCfg = Debug|Any CPU
		{27499419-D68B-4F14-AF5B-69AAD51EAD4A}.Debug|Any CPU.Build.0 = Debug|Any CPU
		{27499419-D68B-4F14-AF5B-69AAD51EAD4A}.Release|Any CPU.ActiveCfg = Release|Any CPU
		{27499419-D68B-4F14-AF5B-69AAD51EAD4A}.Release|Any CPU.Build.0 = Release|Any CPU
		{C206060C-5C0E-4720-88F0-8427D3B6649B}.Debug|Any CPU.ActiveCfg = Debug|Any CPU
		{C206060C-5C0E-4720-88F0-8427D3B6649B}.Debug|Any CPU.Build.0 = Debug|Any CPU
		{C206060C-5C0E-4720-88F0-8427D3B6649B}.Release|Any CPU.ActiveCfg = Release|Any CPU
		{C206060C-5C0E-4720-88F0-8427D3B6649B}.Release|Any CPU.Build.0 = Release|Any CPU
		{02816743-9D43-42D7-857E-528CC642D922}.Debug|Any CPU.ActiveCfg = Debug|Any CPU
		{02816743-9D43-42D7-857E-528CC642D922}.Debug|Any CPU.Build.0 = Debug|Any CPU
		{02816743-9D43-42D7-857E-528CC642D922}.Release|Any CPU.ActiveCfg = Release|Any CPU
		{02816743-9D43-42D7-857E-528CC642D922}.Release|Any CPU.Build.0 = Release|Any CPU
		{F3637ECE-AFC7-41EB-B304-399843850440}.Debug|Any CPU.ActiveCfg = Debug|Any CPU
		{F3637ECE-AFC7-41EB-B304-399843850440}.Debug|Any CPU.Build.0 = Debug|Any CPU
		{F3637ECE-AFC7-41EB-B304-399843850440}.Release|Any CPU.ActiveCfg = Release|Any CPU
		{F3637ECE-AFC7-41EB-B304-399843850440}.Release|Any CPU.Build.0 = Release|Any CPU
		{2C19EA25-F262-4173-84F5-FE7B02B6C70A}.Debug|Any CPU.ActiveCfg = Debug|Any CPU
		{2C19EA25-F262-4173-84F5-FE7B02B6C70A}.Debug|Any CPU.Build.0 = Debug|Any CPU
		{2C19EA25-F262-4173-84F5-FE7B02B6C70A}.Release|Any CPU.ActiveCfg = Release|Any CPU
		{2C19EA25-F262-4173-84F5-FE7B02B6C70A}.Release|Any CPU.Build.0 = Release|Any CPU
		{AFD0D05F-2784-44FC-9AB4-D659050C1239}.Debug|Any CPU.ActiveCfg = Debug|Any CPU
		{AFD0D05F-2784-44FC-9AB4-D659050C1239}.Debug|Any CPU.Build.0 = Debug|Any CPU
		{AFD0D05F-2784-44FC-9AB4-D659050C1239}.Release|Any CPU.ActiveCfg = Release|Any CPU
		{AFD0D05F-2784-44FC-9AB4-D659050C1239}.Release|Any CPU.Build.0 = Release|Any CPU
		{143FF25D-51CF-46AE-BE3E-BBC546149195}.Debug|Any CPU.ActiveCfg = Debug|Any CPU
		{143FF25D-51CF-46AE-BE3E-BBC546149195}.Debug|Any CPU.Build.0 = Debug|Any CPU
		{143FF25D-51CF-46AE-BE3E-BBC546149195}.Release|Any CPU.ActiveCfg = Release|Any CPU
		{143FF25D-51CF-46AE-BE3E-BBC546149195}.Release|Any CPU.Build.0 = Release|Any CPU
		{FA581716-FCFB-48DA-AE40-67D3C158FDCD}.Debug|Any CPU.ActiveCfg = Debug|Any CPU
		{FA581716-FCFB-48DA-AE40-67D3C158FDCD}.Debug|Any CPU.Build.0 = Debug|Any CPU
		{FA581716-FCFB-48DA-AE40-67D3C158FDCD}.Release|Any CPU.ActiveCfg = Release|Any CPU
		{FA581716-FCFB-48DA-AE40-67D3C158FDCD}.Release|Any CPU.Build.0 = Release|Any CPU
		{27FF7A26-44D5-468F-A930-A3E197B372CC}.Debug|Any CPU.ActiveCfg = Debug|Any CPU
		{27FF7A26-44D5-468F-A930-A3E197B372CC}.Debug|Any CPU.Build.0 = Debug|Any CPU
		{27FF7A26-44D5-468F-A930-A3E197B372CC}.Release|Any CPU.ActiveCfg = Release|Any CPU
		{27FF7A26-44D5-468F-A930-A3E197B372CC}.Release|Any CPU.Build.0 = Release|Any CPU
		{DFE02933-C0C3-4387-B6D3-273DE9476428}.Debug|Any CPU.ActiveCfg = Debug|Any CPU
		{DFE02933-C0C3-4387-B6D3-273DE9476428}.Debug|Any CPU.Build.0 = Debug|Any CPU
		{DFE02933-C0C3-4387-B6D3-273DE9476428}.Release|Any CPU.ActiveCfg = Release|Any CPU
		{DFE02933-C0C3-4387-B6D3-273DE9476428}.Release|Any CPU.Build.0 = Release|Any CPU
		{C899B9C3-ED49-46C4-9CCF-DFAB187ACA25}.Debug|Any CPU.ActiveCfg = Debug|Any CPU
		{C899B9C3-ED49-46C4-9CCF-DFAB187ACA25}.Debug|Any CPU.Build.0 = Debug|Any CPU
		{C899B9C3-ED49-46C4-9CCF-DFAB187ACA25}.Release|Any CPU.ActiveCfg = Release|Any CPU
		{C899B9C3-ED49-46C4-9CCF-DFAB187ACA25}.Release|Any CPU.Build.0 = Release|Any CPU
	EndGlobalSection
	GlobalSection(SolutionProperties) = preSolution
		HideSolutionNode = FALSE
	EndGlobalSection
	GlobalSection(ExtensibilityGlobals) = postSolution
		SolutionGuid = {FFE761FB-02F7-40B6-A8C4-9D7CED6F82DB}
	EndGlobalSection
EndGlobal
